{
    "name": "client-townhall",
    "lockfileVersion": 2,
    "requires": true,
    "packages": {
        "": {
            "name": "client-townhall",
            "dependencies": {
                "estraverse": "^5.3.0",
                "systemjs": "^5.0.0",
                "vldom": "^9.1.4",
                "vldom-default-directives": "^1.0.2",
                "vllayout": "^1.13.1"
            }
        },
        "node_modules/acorn": {
            "version": "8.8.2",
            "resolved": "https://registry.npmjs.org/acorn/-/acorn-8.8.2.tgz",
            "integrity": "sha512-xjIYgE8HBrkpd/sJqOGNspf8uHG+NOHGOw6a/Urj8taM2EXfdNAH2oFcPeIFfsv3+kz/mJrS5VuMqbNLjCa2vw==",
            "bin": {
                "acorn": "bin/acorn"
            },
            "engines": {
                "node": ">=0.4.0"
            }
        },
        "node_modules/acorn-jsx": {
            "version": "5.3.2",
            "resolved": "https://registry.npmjs.org/acorn-jsx/-/acorn-jsx-5.3.2.tgz",
            "integrity": "sha512-rq9s+JNhf0IChjtDXxllJ7g41oZk5SlXtp0LHwyA5cejwn7vKmKp4pPri6YEePv2PU65sAsegbXtIinmDFDXgQ==",
            "peerDependencies": {
                "acorn": "^6.0.0 || ^7.0.0 || ^8.0.0"
            }
        },
        "node_modules/eslint-visitor-keys": {
            "version": "3.3.0",
            "resolved": "https://registry.npmjs.org/eslint-visitor-keys/-/eslint-visitor-keys-3.3.0.tgz",
            "integrity": "sha512-mQ+suqKJVyeuwGYHAdjMFqjCyfl8+Ldnxuyp3ldiMBFKkvytrXUZWaiPCEav8qDHKty44bD+qV1IP4T+w+xXRA==",
            "engines": {
                "node": "^12.22.0 || ^14.17.0 || >=16.0.0"
            }
        },
        "node_modules/espree": {
            "version": "9.4.1",
            "resolved": "https://registry.npmjs.org/espree/-/espree-9.4.1.tgz",
            "integrity": "sha512-XwctdmTO6SIvCzd9810yyNzIrOrqNYV9Koizx4C/mRhf9uq0o4yHoCEU/670pOxOL/MSraektvSAji79kX90Vg==",
            "dependencies": {
                "acorn": "^8.8.0",
                "acorn-jsx": "^5.3.2",
                "eslint-visitor-keys": "^3.3.0"
            },
            "engines": {
                "node": "^12.22.0 || ^14.17.0 || >=16.0.0"
            },
            "funding": {
                "url": "https://opencollective.com/eslint"
            }
        },
        "node_modules/estraverse": {
            "version": "5.3.0",
            "resolved": "https://registry.npmjs.org/estraverse/-/estraverse-5.3.0.tgz",
            "integrity": "sha512-MMdARuVEQziNTeJD8DgMqmhwR11BRQ/cBP+pLtYdSTnf3MIO8fFeiINEbX36ZdNlfU/7A9f3gUw49B3oQsvwBA==",
            "engines": {
                "node": ">=4.0"
            }
        },
        "node_modules/systemjs": {
            "version": "5.0.0",
            "resolved": "https://registry.npmjs.org/systemjs/-/systemjs-5.0.0.tgz",
            "integrity": "sha512-hnD/IMQhH0UmawiIGlYVnkCPUbbO/WDQjOC+Q4PewHBdsagI1OHH1re1sg1AYFqq7p9ps6b1Bsx4xCeoeIZSCw=="
        },
        "node_modules/vldom": {
            "version": "9.1.4",
            "resolved": "https://registry.npmjs.org/vldom/-/vldom-9.1.4.tgz",
            "integrity": "sha512-DdcwNVZdMJTIjLHUl9IzIP36Teoe9Is666dVpvm8C84NdIiu9CqQ1a9glX2c+zp9NefsvIVryIAqtuzPgJ0fvw==",
            "dependencies": {
                "espree": "^9.3.2",
                "estraverse": "^5.3.0"
            },
            "bin": {
                "vldom": "bin/vldom.js"
            }
        },
        "node_modules/vldom-default-directives": {
            "version": "1.0.2",
            "resolved": "https://registry.npmjs.org/vldom-default-directives/-/vldom-default-directives-1.0.2.tgz",
            "integrity": "sha512-agohpDSjUlZ53N1PNLNLcpKUlpHiLVa3zDUXMweaWNTOQtHqIX5XdZaDyQKslZOZT8Znh9IlcZNlpChUEkqSOA=="
        },
        "node_modules/vllayout": {
            "version": "1.14.2",
            "resolved": "https://registry.npmjs.org/vllayout/-/vllayout-1.14.2.tgz",
            "integrity": "sha512-xjGK4SI5xxM29K3YqCvxnYbz4MslBZFEPtqoz/xym4SKiJs/hwFTWUKbzDf2ENB/8eoJYc61rJpxYWub1rBgOA=="
        }
    },
    "dependencies": {
        "acorn": {
            "version": "8.8.2",
            "resolved": "https://registry.npmjs.org/acorn/-/acorn-8.8.2.tgz",
            "integrity": "sha512-xjIYgE8HBrkpd/sJqOGNspf8uHG+NOHGOw6a/Urj8taM2EXfdNAH2oFcPeIFfsv3+kz/mJrS5VuMqbNLjCa2vw=="
        },
        "acorn-jsx": {
            "version": "5.3.2",
            "resolved": "https://registry.npmjs.org/acorn-jsx/-/acorn-jsx-5.3.2.tgz",
            "integrity": "sha512-rq9s+JNhf0IChjtDXxllJ7g41oZk5SlXtp0LHwyA5cejwn7vKmKp4pPri6YEePv2PU65sAsegbXtIinmDFDXgQ==",
            "requires": {}
        },
        "eslint-visitor-keys": {
            "version": "3.3.0",
            "resolved": "https://registry.npmjs.org/eslint-visitor-keys/-/eslint-visitor-keys-3.3.0.tgz",
            "integrity": "sha512-mQ+suqKJVyeuwGYHAdjMFqjCyfl8+Ldnxuyp3ldiMBFKkvytrXUZWaiPCEav8qDHKty44bD+qV1IP4T+w+xXRA=="
        },
        "espree": {
            "version": "9.4.1",
            "resolved": "https://registry.npmjs.org/espree/-/espree-9.4.1.tgz",
            "integrity": "sha512-XwctdmTO6SIvCzd9810yyNzIrOrqNYV9Koizx4C/mRhf9uq0o4yHoCEU/670pOxOL/MSraektvSAji79kX90Vg==",
            "requires": {
                "acorn": "^8.8.0",
                "acorn-jsx": "^5.3.2",
                "eslint-visitor-keys": "^3.3.0"
            }
        },
        "estraverse": {
            "version": "5.3.0",
            "resolved": "https://registry.npmjs.org/estraverse/-/estraverse-5.3.0.tgz",
            "integrity": "sha512-MMdARuVEQziNTeJD8DgMqmhwR11BRQ/cBP+pLtYdSTnf3MIO8fFeiINEbX36ZdNlfU/7A9f3gUw49B3oQsvwBA=="
        },
        "systemjs": {
            "version": "5.0.0",
            "resolved": "https://registry.npmjs.org/systemjs/-/systemjs-5.0.0.tgz",
            "integrity": "sha512-hnD/IMQhH0UmawiIGlYVnkCPUbbO/WDQjOC+Q4PewHBdsagI1OHH1re1sg1AYFqq7p9ps6b1Bsx4xCeoeIZSCw=="
        },
        "vldom": {
            "version": "9.1.4",
            "resolved": "https://registry.npmjs.org/vldom/-/vldom-9.1.4.tgz",
            "integrity": "sha512-DdcwNVZdMJTIjLHUl9IzIP36Teoe9Is666dVpvm8C84NdIiu9CqQ1a9glX2c+zp9NefsvIVryIAqtuzPgJ0fvw==",
            "requires": {
                "espree": "^9.3.2",
                "estraverse": "^5.3.0"
            }
        },
        "vldom-default-directives": {
            "version": "1.0.2",
            "resolved": "https://registry.npmjs.org/vldom-default-directives/-/vldom-default-directives-1.0.2.tgz",
            "integrity": "sha512-agohpDSjUlZ53N1PNLNLcpKUlpHiLVa3zDUXMweaWNTOQtHqIX5XdZaDyQKslZOZT8Znh9IlcZNlpChUEkqSOA=="
        },
        "vllayout": {
            "version": "1.14.2",
            "resolved": "https://registry.npmjs.org/vllayout/-/vllayout-1.14.2.tgz",
            "integrity": "sha512-xjGK4SI5xxM29K3YqCvxnYbz4MslBZFEPtqoz/xym4SKiJs/hwFTWUKbzDf2ENB/8eoJYc61rJpxYWub1rBgOA=="
        }
    }
}
